
Microsoft Visual Studio Solution File, Format Version 12.00
# Visual Studio Version 17
VisualStudioVersion = 17.6.33829.357
MinimumVisualStudioVersion = 10.0.40219.1
Project("{FAE04EC0-301F-11D3-BF4B-00C04F79EFBC}") = "LaptopShop", "LaptopShop.csproj", "{E130CE52-16D2-499F-B80F-457C62C0CF02}"
EndProject
Global
	GlobalSection(SolutionConfigurationPlatforms) = preSolution
		Debug|Any CPU = Debug|Any CPU
		Release|Any CPU = Release|Any CPU
	EndGlobalSection
	GlobalSection(ProjectConfigurationPlatforms) = postSolution
		{E130CE52-16D2-499F-B80F-457C62C0CF02}.Debug|Any CPU.ActiveCfg = Debug|Any CPU
		{E130CE52-16D2-499F-B80F-457C62C0CF02}.Debug|Any CPU.Build.0 = Debug|Any CPU
		{E130CE52-16D2-499F-B80F-457C62C0CF02}.Release|Any CPU.ActiveCfg = Release|Any CPU
		{E130CE52-16D2-499F-B80F-457C62C0CF02}.Release|Any CPU.Build.0 = Release|Any CPU
	EndGlobalSection
	GlobalSection(SolutionProperties) = preSolution
		HideSolutionNode = FALSE
	EndGlobalSection
	GlobalSection(ExtensibilityGlobals) = postSolution
		SolutionGuid = {99CD3EB9-B83C-4B69-8769-DF0CBEFB24EF}
	EndGlobalSection
EndGlobal
